<?xml version="1.0" encoding="utf-8"?>
<Project ToolsVersion="4.0" xmlns="http://schemas.microsoft.com/developer/msbuild/2003">
  <ItemGroup>
    <Filter Include="源文件">
      <UniqueIdentifier>{4FC737F1-C7A5-4376-A066-2A32D752A2FF}</UniqueIdentifier>
      <Extensions>cpp;c;cc;cxx;def;odl;idl;hpj;bat;asm;asmx</Extensions>
    </Filter>
    <Filter Include="头文件">
      <UniqueIdentifier>{93995380-89BD-4b04-88EB-625FBE52EBFB}</UniqueIdentifier>
      <Extensions>h;hpp;hxx;hm;inl;inc;xsd</Extensions>
    </Filter>
    <Filter Include="资源文件">
      <UniqueIdentifier>{67DA6AB6-F800-4c08-8B7A-83BB121AAD01}</UniqueIdentifier>
      <Extensions>rc;ico;cur;bmp;dlg;rc2;rct;bin;rgs;gif;jpg;jpeg;jpe;resx;tiff;tif;png;wav;mfcribbon-ms</Extensions>
    </Filter>
    <Filter Include="源文件\tn_fnds">
      <UniqueIdentifier>{1886208c-141d-4243-b5d9-6a1d3cff2ef4}</UniqueIdentifier>
    </Filter>
    <Filter Include="头文件\tn_fnds">
      <UniqueIdentifier>{020527b9-290e-421f-abf6-799d4b28b8bf}</UniqueIdentifier>
    </Filter>
  </ItemGroup>
  <ItemGroup>
    <ClCompile Include="tn_fnds.cpp">
      <Filter>源文件</Filter>
    </ClCompile>
    <ClCompile Include="tn_fnds\dio.cpp">
      <Filter>源文件\tn_fnds</Filter>
    </ClCompile>
    <ClCompile Include="tn_fnds\fft.cpp">
      <Filter>源文件\tn_fnds</Filter>
    </ClCompile>
    <ClCompile Include="tn_fnds\matlabfunctions.cpp">
      <Filter>源文件\tn_fnds</Filter>
    </ClCompile>
    <ClCompile Include="tn_fnds\platinum.cpp">
      <Filter>源文件\tn_fnds</Filter>
    </ClCompile>
    <ClCompile Include="tn_fnds\star.cpp">
      <Filter>源文件\tn_fnds</Filter>
    </ClCompile>
    <ClCompile Include="tn_fnds\synthesis.cpp">
      <Filter>源文件\tn_fnds</Filter>
    </ClCompile>
    <ClCompile Include="tn_fnds\wavread.cpp">
      <Filter>源文件\tn_fnds</Filter>
    </ClCompile>
    <ClCompile Include="tn_fnds\mainProc.cpp">
      <Filter>源文件\tn_fnds</Filter>
    </ClCompile>
  </ItemGroup>
  <ItemGroup>
    <ClInclude Include="resampler.h">
      <Filter>头文件</Filter>
    </ClInclude>
    <ClInclude Include="tn_fnds\fft.h">
      <Filter>头文件\tn_fnds</Filter>
    </ClInclude>
    <ClInclude Include="tn_fnds\wavread.h">
      <Filter>头文件\tn_fnds</Filter>
    </ClInclude>
    <ClInclude Include="tn_fnds\world.h">
      <Filter>头文件\tn_fnds</Filter>
    </ClInclude>
    <ClInclude Include="mainProc.h">
      <Filter>头文件\tn_fnds</Filter>
    </ClInclude>
  </ItemGroup>
</Project>